
Microsoft Visual Studio Solution File, Format Version 12.00
# Visual Studio Version 17
VisualStudioVersion = 17.0.31903.59
MinimumVisualStudioVersion = 10.0.40219.1
Project("{9A19103F-16F7-4668-BE54-9A1E7A4F7556}") = "Day01-Sonar Sweep", "Day01-Sonar Sweep\Day01-Sonar Sweep.csproj", "{3E20B258-B2F9-4EAA-9BF8-6CDBFD10FFE5}"
EndProject
Project("{9A19103F-16F7-4668-BE54-9A1E7A4F7556}") = "Day02-Dive", "Day02-Dive\Day02-Dive.csproj", "{7EF90869-D17E-449D-B864-37F65C2A278C}"
EndProject
Project("{9A19103F-16F7-4668-BE54-9A1E7A4F7556}") = "Day03-BinaryDiagnostic", "Day03-BinaryDiagnostic\Day03-BinaryDiagnostic.csproj", "{5E0E26D1-E0C6-4461-AA64-239FDE3FFA04}"
EndProject
Project("{9A19103F-16F7-4668-BE54-9A1E7A4F7556}") = "Tests", "Tests\Tests.csproj", "{D0EF621D-8296-4B4F-B7A7-6438E80A7C85}"
EndProject
Project("{9A19103F-16F7-4668-BE54-9A1E7A4F7556}") = "Day04-GiantSquid", "Day04-GiantSquid\Day04-GiantSquid.csproj", "{116AC5D7-24FB-498C-BF58-FD2C77D12100}"
EndProject
Project("{FAE04EC0-301F-11D3-BF4B-00C04F79EFBC}") = "Day05-HydrothermalVenture", "Day05-HydrothermalVenture\Day05-HydrothermalVenture.csproj", "{A823B077-E475-4E9A-A558-85D3A49813D2}"
EndProject
Global
	GlobalSection(SolutionConfigurationPlatforms) = preSolution
		Debug|Any CPU = Debug|Any CPU
		Release|Any CPU = Release|Any CPU
	EndGlobalSection
	GlobalSection(ProjectConfigurationPlatforms) = postSolution
		{3E20B258-B2F9-4EAA-9BF8-6CDBFD10FFE5}.Debug|Any CPU.ActiveCfg = Debug|Any CPU
		{3E20B258-B2F9-4EAA-9BF8-6CDBFD10FFE5}.Debug|Any CPU.Build.0 = Debug|Any CPU
		{3E20B258-B2F9-4EAA-9BF8-6CDBFD10FFE5}.Release|Any CPU.ActiveCfg = Release|Any CPU
		{3E20B258-B2F9-4EAA-9BF8-6CDBFD10FFE5}.Release|Any CPU.Build.0 = Release|Any CPU
		{7EF90869-D17E-449D-B864-37F65C2A278C}.Debug|Any CPU.ActiveCfg = Debug|Any CPU
		{7EF90869-D17E-449D-B864-37F65C2A278C}.Debug|Any CPU.Build.0 = Debug|Any CPU
		{7EF90869-D17E-449D-B864-37F65C2A278C}.Release|Any CPU.ActiveCfg = Release|Any CPU
		{7EF90869-D17E-449D-B864-37F65C2A278C}.Release|Any CPU.Build.0 = Release|Any CPU
		{5E0E26D1-E0C6-4461-AA64-239FDE3FFA04}.Debug|Any CPU.ActiveCfg = Debug|Any CPU
		{5E0E26D1-E0C6-4461-AA64-239FDE3FFA04}.Debug|Any CPU.Build.0 = Debug|Any CPU
		{5E0E26D1-E0C6-4461-AA64-239FDE3FFA04}.Release|Any CPU.ActiveCfg = Release|Any CPU
		{5E0E26D1-E0C6-4461-AA64-239FDE3FFA04}.Release|Any CPU.Build.0 = Release|Any CPU
		{D0EF621D-8296-4B4F-B7A7-6438E80A7C85}.Debug|Any CPU.ActiveCfg = Debug|Any CPU
		{D0EF621D-8296-4B4F-B7A7-6438E80A7C85}.Debug|Any CPU.Build.0 = Debug|Any CPU
		{D0EF621D-8296-4B4F-B7A7-6438E80A7C85}.Release|Any CPU.ActiveCfg = Release|Any CPU
		{D0EF621D-8296-4B4F-B7A7-6438E80A7C85}.Release|Any CPU.Build.0 = Release|Any CPU
		{116AC5D7-24FB-498C-BF58-FD2C77D12100}.Debug|Any CPU.ActiveCfg = Debug|Any CPU
		{116AC5D7-24FB-498C-BF58-FD2C77D12100}.Debug|Any CPU.Build.0 = Debug|Any CPU
		{116AC5D7-24FB-498C-BF58-FD2C77D12100}.Release|Any CPU.ActiveCfg = Release|Any CPU
		{116AC5D7-24FB-498C-BF58-FD2C77D12100}.Release|Any CPU.Build.0 = Release|Any CPU
		{A823B077-E475-4E9A-A558-85D3A49813D2}.Debug|Any CPU.ActiveCfg = Debug|Any CPU
		{A823B077-E475-4E9A-A558-85D3A49813D2}.Debug|Any CPU.Build.0 = Debug|Any CPU
		{A823B077-E475-4E9A-A558-85D3A49813D2}.Release|Any CPU.ActiveCfg = Release|Any CPU
		{A823B077-E475-4E9A-A558-85D3A49813D2}.Release|Any CPU.Build.0 = Release|Any CPU
	EndGlobalSection
	GlobalSection(SolutionProperties) = preSolution
		HideSolutionNode = FALSE
	EndGlobalSection
	GlobalSection(ExtensibilityGlobals) = postSolution
		SolutionGuid = {540EA3BD-E839-44C3-8127-2AAEA4CB84BA}
	EndGlobalSection
EndGlobal
