
Microsoft Visual Studio Solution File, Format Version 12.00
# Visual Studio Version 16
VisualStudioVersion = 16.0.31515.178
MinimumVisualStudioVersion = 10.0.40219.1
Project("{FAE04EC0-301F-11D3-BF4B-00C04F79EFBC}") = "Day01-Sonar Sweep", "Day01-Sonar Sweep\Day01-Sonar Sweep.csproj", "{3E20B258-B2F9-4EAA-9BF8-6CDBFD10FFE5}"
EndProject
Global
	GlobalSection(SolutionConfigurationPlatforms) = preSolution
		Debug|Any CPU = Debug|Any CPU
		Release|Any CPU = Release|Any CPU
	EndGlobalSection
	GlobalSection(ProjectConfigurationPlatforms) = postSolution
		{3E20B258-B2F9-4EAA-9BF8-6CDBFD10FFE5}.Debug|Any CPU.ActiveCfg = Debug|Any CPU
		{3E20B258-B2F9-4EAA-9BF8-6CDBFD10FFE5}.Debug|Any CPU.Build.0 = Debug|Any CPU
		{3E20B258-B2F9-4EAA-9BF8-6CDBFD10FFE5}.Release|Any CPU.ActiveCfg = Release|Any CPU
		{3E20B258-B2F9-4EAA-9BF8-6CDBFD10FFE5}.Release|Any CPU.Build.0 = Release|Any CPU
	EndGlobalSection
	GlobalSection(SolutionProperties) = preSolution
		HideSolutionNode = FALSE
	EndGlobalSection
	GlobalSection(ExtensibilityGlobals) = postSolution
		SolutionGuid = {540EA3BD-E839-44C3-8127-2AAEA4CB84BA}
	EndGlobalSection
EndGlobal
