
Microsoft Visual Studio Solution File, Format Version 12.00
# Visual Studio Version 17
VisualStudioVersion = 17.0.31903.59
MinimumVisualStudioVersion = 10.0.40219.1
Project("{9A19103F-16F7-4668-BE54-9A1E7A4F7556}") = "Day01-Sonar Sweep", "Day01-Sonar Sweep\Day01-Sonar Sweep.csproj", "{3E20B258-B2F9-4EAA-9BF8-6CDBFD10FFE5}"
EndProject
Project("{9A19103F-16F7-4668-BE54-9A1E7A4F7556}") = "Day02-Dive", "Day02-Dive\Day02-Dive.csproj", "{7EF90869-D17E-449D-B864-37F65C2A278C}"
EndProject
Project("{9A19103F-16F7-4668-BE54-9A1E7A4F7556}") = "Day03-BinaryDiagnostic", "Day03-BinaryDiagnostic\Day03-BinaryDiagnostic.csproj", "{5E0E26D1-E0C6-4461-AA64-239FDE3FFA04}"
EndProject
Project("{9A19103F-16F7-4668-BE54-9A1E7A4F7556}") = "Tests", "Tests\Tests.csproj", "{D0EF621D-8296-4B4F-B7A7-6438E80A7C85}"
EndProject
Project("{9A19103F-16F7-4668-BE54-9A1E7A4F7556}") = "Day04-GiantSquid", "Day04-GiantSquid\Day04-GiantSquid.csproj", "{116AC5D7-24FB-498C-BF58-FD2C77D12100}"
EndProject
Project("{9A19103F-16F7-4668-BE54-9A1E7A4F7556}") = "Day05-HydrothermalVenture", "Day05-HydrothermalVenture\Day05-HydrothermalVenture.csproj", "{A823B077-E475-4E9A-A558-85D3A49813D2}"
EndProject
Project("{9A19103F-16F7-4668-BE54-9A1E7A4F7556}") = "Day06-Lanternfish", "Day06-Lanternfish\Day06-Lanternfish.csproj", "{117337DF-5AC5-4DAE-B08E-0280D1601B06}"
EndProject
Project("{9A19103F-16F7-4668-BE54-9A1E7A4F7556}") = "Day07-TheTreacheryOfWhales", "Day07-TheTreacheryOfWhales\Day07-TheTreacheryOfWhales.csproj", "{3DFA4D27-F830-4137-AF51-91A7C1C95DF3}"
EndProject
Project("{9A19103F-16F7-4668-BE54-9A1E7A4F7556}") = "Day08-SevenSegmentSearch", "Day08-SevenSegmentSearch\Day08-SevenSegmentSearch.csproj", "{D8FA01D0-34A8-4C13-B515-4CA17F40FAD1}"
EndProject
Project("{9A19103F-16F7-4668-BE54-9A1E7A4F7556}") = "Day09-SmokeBasin", "Day09-SmokeBasin\Day09-SmokeBasin.csproj", "{1C6E63C9-8085-40D4-8293-E9ABA60E092E}"
EndProject
Project("{9A19103F-16F7-4668-BE54-9A1E7A4F7556}") = "Day10-SyntaxScoring", "Day10-SyntaxScoring\Day10-SyntaxScoring.csproj", "{09E92893-5128-44A6-BE90-981A1A9BEB50}"
EndProject
Project("{9A19103F-16F7-4668-BE54-9A1E7A4F7556}") = "Day11-DumboOctopus", "Day11-DumboOctopus\Day11-DumboOctopus.csproj", "{92DA8E2B-65C0-462E-ACEB-AC2974E95D5D}"
EndProject
Project("{9A19103F-16F7-4668-BE54-9A1E7A4F7556}") = "Day12-PassagePathing", "Day12-PassagePathing\Day12-PassagePathing.csproj", "{1F60D213-C70F-42B4-B77B-9509ACFC346E}"
EndProject
Project("{9A19103F-16F7-4668-BE54-9A1E7A4F7556}") = "Day13-TransparentOrigami", "Day13-TransparentOrigami\Day13-TransparentOrigami.csproj", "{6C9D2590-FDF3-4D7E-B35C-52BEE6FC4C68}"
EndProject
Project("{FAE04EC0-301F-11D3-BF4B-00C04F79EFBC}") = "Day14-ExtendedPolymerization", "Day14-ExtendedPolymerization\Day14-ExtendedPolymerization.csproj", "{4BE80DAD-AF11-482E-BC17-52C4EB520A81}"
EndProject
Global
	GlobalSection(SolutionConfigurationPlatforms) = preSolution
		Debug|Any CPU = Debug|Any CPU
		Release|Any CPU = Release|Any CPU
	EndGlobalSection
	GlobalSection(ProjectConfigurationPlatforms) = postSolution
		{3E20B258-B2F9-4EAA-9BF8-6CDBFD10FFE5}.Debug|Any CPU.ActiveCfg = Debug|Any CPU
		{3E20B258-B2F9-4EAA-9BF8-6CDBFD10FFE5}.Debug|Any CPU.Build.0 = Debug|Any CPU
		{3E20B258-B2F9-4EAA-9BF8-6CDBFD10FFE5}.Release|Any CPU.ActiveCfg = Release|Any CPU
		{3E20B258-B2F9-4EAA-9BF8-6CDBFD10FFE5}.Release|Any CPU.Build.0 = Release|Any CPU
		{7EF90869-D17E-449D-B864-37F65C2A278C}.Debug|Any CPU.ActiveCfg = Debug|Any CPU
		{7EF90869-D17E-449D-B864-37F65C2A278C}.Debug|Any CPU.Build.0 = Debug|Any CPU
		{7EF90869-D17E-449D-B864-37F65C2A278C}.Release|Any CPU.ActiveCfg = Release|Any CPU
		{7EF90869-D17E-449D-B864-37F65C2A278C}.Release|Any CPU.Build.0 = Release|Any CPU
		{5E0E26D1-E0C6-4461-AA64-239FDE3FFA04}.Debug|Any CPU.ActiveCfg = Debug|Any CPU
		{5E0E26D1-E0C6-4461-AA64-239FDE3FFA04}.Debug|Any CPU.Build.0 = Debug|Any CPU
		{5E0E26D1-E0C6-4461-AA64-239FDE3FFA04}.Release|Any CPU.ActiveCfg = Release|Any CPU
		{5E0E26D1-E0C6-4461-AA64-239FDE3FFA04}.Release|Any CPU.Build.0 = Release|Any CPU
		{D0EF621D-8296-4B4F-B7A7-6438E80A7C85}.Debug|Any CPU.ActiveCfg = Debug|Any CPU
		{D0EF621D-8296-4B4F-B7A7-6438E80A7C85}.Debug|Any CPU.Build.0 = Debug|Any CPU
		{D0EF621D-8296-4B4F-B7A7-6438E80A7C85}.Release|Any CPU.ActiveCfg = Release|Any CPU
		{D0EF621D-8296-4B4F-B7A7-6438E80A7C85}.Release|Any CPU.Build.0 = Release|Any CPU
		{116AC5D7-24FB-498C-BF58-FD2C77D12100}.Debug|Any CPU.ActiveCfg = Debug|Any CPU
		{116AC5D7-24FB-498C-BF58-FD2C77D12100}.Debug|Any CPU.Build.0 = Debug|Any CPU
		{116AC5D7-24FB-498C-BF58-FD2C77D12100}.Release|Any CPU.ActiveCfg = Release|Any CPU
		{116AC5D7-24FB-498C-BF58-FD2C77D12100}.Release|Any CPU.Build.0 = Release|Any CPU
		{A823B077-E475-4E9A-A558-85D3A49813D2}.Debug|Any CPU.ActiveCfg = Debug|Any CPU
		{A823B077-E475-4E9A-A558-85D3A49813D2}.Debug|Any CPU.Build.0 = Debug|Any CPU
		{A823B077-E475-4E9A-A558-85D3A49813D2}.Release|Any CPU.ActiveCfg = Release|Any CPU
		{A823B077-E475-4E9A-A558-85D3A49813D2}.Release|Any CPU.Build.0 = Release|Any CPU
		{117337DF-5AC5-4DAE-B08E-0280D1601B06}.Debug|Any CPU.ActiveCfg = Debug|Any CPU
		{117337DF-5AC5-4DAE-B08E-0280D1601B06}.Debug|Any CPU.Build.0 = Debug|Any CPU
		{117337DF-5AC5-4DAE-B08E-0280D1601B06}.Release|Any CPU.ActiveCfg = Release|Any CPU
		{117337DF-5AC5-4DAE-B08E-0280D1601B06}.Release|Any CPU.Build.0 = Release|Any CPU
		{3DFA4D27-F830-4137-AF51-91A7C1C95DF3}.Debug|Any CPU.ActiveCfg = Debug|Any CPU
		{3DFA4D27-F830-4137-AF51-91A7C1C95DF3}.Debug|Any CPU.Build.0 = Debug|Any CPU
		{3DFA4D27-F830-4137-AF51-91A7C1C95DF3}.Release|Any CPU.ActiveCfg = Release|Any CPU
		{3DFA4D27-F830-4137-AF51-91A7C1C95DF3}.Release|Any CPU.Build.0 = Release|Any CPU
		{D8FA01D0-34A8-4C13-B515-4CA17F40FAD1}.Debug|Any CPU.ActiveCfg = Debug|Any CPU
		{D8FA01D0-34A8-4C13-B515-4CA17F40FAD1}.Debug|Any CPU.Build.0 = Debug|Any CPU
		{D8FA01D0-34A8-4C13-B515-4CA17F40FAD1}.Release|Any CPU.ActiveCfg = Release|Any CPU
		{D8FA01D0-34A8-4C13-B515-4CA17F40FAD1}.Release|Any CPU.Build.0 = Release|Any CPU
		{1C6E63C9-8085-40D4-8293-E9ABA60E092E}.Debug|Any CPU.ActiveCfg = Debug|Any CPU
		{1C6E63C9-8085-40D4-8293-E9ABA60E092E}.Debug|Any CPU.Build.0 = Debug|Any CPU
		{1C6E63C9-8085-40D4-8293-E9ABA60E092E}.Release|Any CPU.ActiveCfg = Release|Any CPU
		{1C6E63C9-8085-40D4-8293-E9ABA60E092E}.Release|Any CPU.Build.0 = Release|Any CPU
		{09E92893-5128-44A6-BE90-981A1A9BEB50}.Debug|Any CPU.ActiveCfg = Debug|Any CPU
		{09E92893-5128-44A6-BE90-981A1A9BEB50}.Debug|Any CPU.Build.0 = Debug|Any CPU
		{09E92893-5128-44A6-BE90-981A1A9BEB50}.Release|Any CPU.ActiveCfg = Release|Any CPU
		{09E92893-5128-44A6-BE90-981A1A9BEB50}.Release|Any CPU.Build.0 = Release|Any CPU
		{92DA8E2B-65C0-462E-ACEB-AC2974E95D5D}.Debug|Any CPU.ActiveCfg = Debug|Any CPU
		{92DA8E2B-65C0-462E-ACEB-AC2974E95D5D}.Debug|Any CPU.Build.0 = Debug|Any CPU
		{92DA8E2B-65C0-462E-ACEB-AC2974E95D5D}.Release|Any CPU.ActiveCfg = Release|Any CPU
		{92DA8E2B-65C0-462E-ACEB-AC2974E95D5D}.Release|Any CPU.Build.0 = Release|Any CPU
		{1F60D213-C70F-42B4-B77B-9509ACFC346E}.Debug|Any CPU.ActiveCfg = Debug|Any CPU
		{1F60D213-C70F-42B4-B77B-9509ACFC346E}.Debug|Any CPU.Build.0 = Debug|Any CPU
		{1F60D213-C70F-42B4-B77B-9509ACFC346E}.Release|Any CPU.ActiveCfg = Release|Any CPU
		{1F60D213-C70F-42B4-B77B-9509ACFC346E}.Release|Any CPU.Build.0 = Release|Any CPU
		{6C9D2590-FDF3-4D7E-B35C-52BEE6FC4C68}.Debug|Any CPU.ActiveCfg = Debug|Any CPU
		{6C9D2590-FDF3-4D7E-B35C-52BEE6FC4C68}.Debug|Any CPU.Build.0 = Debug|Any CPU
		{6C9D2590-FDF3-4D7E-B35C-52BEE6FC4C68}.Release|Any CPU.ActiveCfg = Release|Any CPU
		{6C9D2590-FDF3-4D7E-B35C-52BEE6FC4C68}.Release|Any CPU.Build.0 = Release|Any CPU
		{4BE80DAD-AF11-482E-BC17-52C4EB520A81}.Debug|Any CPU.ActiveCfg = Debug|Any CPU
		{4BE80DAD-AF11-482E-BC17-52C4EB520A81}.Debug|Any CPU.Build.0 = Debug|Any CPU
		{4BE80DAD-AF11-482E-BC17-52C4EB520A81}.Release|Any CPU.ActiveCfg = Release|Any CPU
		{4BE80DAD-AF11-482E-BC17-52C4EB520A81}.Release|Any CPU.Build.0 = Release|Any CPU
	EndGlobalSection
	GlobalSection(SolutionProperties) = preSolution
		HideSolutionNode = FALSE
	EndGlobalSection
	GlobalSection(ExtensibilityGlobals) = postSolution
		SolutionGuid = {540EA3BD-E839-44C3-8127-2AAEA4CB84BA}
	EndGlobalSection
EndGlobal
